
Microsoft Visual Studio Solution File, Format Version 12.00
# Visual Studio Version 16
VisualStudioVersion = 16.0.31702.278
MinimumVisualStudioVersion = 10.0.40219.1
Project("{FAE04EC0-301F-11D3-BF4B-00C04F79EFBC}") = "1", "1\1.csproj", "{01AF5F66-01C8-420E-8058-318331953425}"
EndProject
Global
	GlobalSection(SolutionConfigurationPlatforms) = preSolution
		Debug|Any CPU = Debug|Any CPU
		Release|Any CPU = Release|Any CPU
	EndGlobalSection
	GlobalSection(ProjectConfigurationPlatforms) = postSolution
		{01AF5F66-01C8-420E-8058-318331953425}.Debug|Any CPU.ActiveCfg = Debug|Any CPU
		{01AF5F66-01C8-420E-8058-318331953425}.Debug|Any CPU.Build.0 = Debug|Any CPU
		{01AF5F66-01C8-420E-8058-318331953425}.Release|Any CPU.ActiveCfg = Release|Any CPU
		{01AF5F66-01C8-420E-8058-318331953425}.Release|Any CPU.Build.0 = Release|Any CPU
	EndGlobalSection
	GlobalSection(SolutionProperties) = preSolution
		HideSolutionNode = FALSE
	EndGlobalSection
	GlobalSection(ExtensibilityGlobals) = postSolution
		SolutionGuid = {D6B5855D-1034-4731-BBB9-D531CC74B767}
	EndGlobalSection
EndGlobal
